
Microsoft Visual Studio Solution File, Format Version 12.00
# Visual Studio 15
Project("{FAE04EC0-301F-11D3-BF4B-00C04F79EFBC}") = "Assembly-CSharp", "Assembly-CSharp.csproj", "{8776F342-DFC5-F5E4-DD7B-EA4470AFC2E2}"
EndProject
Project("{FAE04EC0-301F-11D3-BF4B-00C04F79EFBC}") = "Assembly-CSharp-Editor", "Assembly-CSharp-Editor.csproj", "{EE767832-C001-3708-C987-325D85A16B2E}"
EndProject
Global
	GlobalSection(SolutionConfigurationPlatforms) = preSolution
		Debug|Any CPU = Debug|Any CPU
		Release|Any CPU = Release|Any CPU
	EndGlobalSection
	GlobalSection(ProjectConfigurationPlatforms) = postSolution
		{8776F342-DFC5-F5E4-DD7B-EA4470AFC2E2}.Debug|Any CPU.ActiveCfg = Debug|Any CPU
		{8776F342-DFC5-F5E4-DD7B-EA4470AFC2E2}.Debug|Any CPU.Build.0 = Debug|Any CPU
		{8776F342-DFC5-F5E4-DD7B-EA4470AFC2E2}.Release|Any CPU.ActiveCfg = Release|Any CPU
		{8776F342-DFC5-F5E4-DD7B-EA4470AFC2E2}.Release|Any CPU.Build.0 = Release|Any CPU
		{EE767832-C001-3708-C987-325D85A16B2E}.Debug|Any CPU.ActiveCfg = Debug|Any CPU
		{EE767832-C001-3708-C987-325D85A16B2E}.Debug|Any CPU.Build.0 = Debug|Any CPU
		{EE767832-C001-3708-C987-325D85A16B2E}.Release|Any CPU.ActiveCfg = Release|Any CPU
		{EE767832-C001-3708-C987-325D85A16B2E}.Release|Any CPU.Build.0 = Release|Any CPU
	EndGlobalSection
	GlobalSection(SolutionProperties) = preSolution
		HideSolutionNode = FALSE
	EndGlobalSection
EndGlobal
